
Microsoft Visual Studio Solution File, Format Version 12.00
# Visual Studio Version 17
VisualStudioVersion = 17.10.34916.146
MinimumVisualStudioVersion = 10.0.40219.1
Project("{FAE04EC0-301F-11D3-BF4B-00C04F79EFBC}") = "AddHouses", "AddHouses.csproj", "{B888140B-808B-443E-AC59-8C162F38A13B}"
EndProject
Global
	GlobalSection(SolutionConfigurationPlatforms) = preSolution
		Debug|Any CPU = Debug|Any CPU
		Release|Any CPU = Release|Any CPU
	EndGlobalSection
	GlobalSection(ProjectConfigurationPlatforms) = postSolution
		{B888140B-808B-443E-AC59-8C162F38A13B}.Debug|Any CPU.ActiveCfg = Debug|Any CPU
		{B888140B-808B-443E-AC59-8C162F38A13B}.Debug|Any CPU.Build.0 = Debug|Any CPU
		{B888140B-808B-443E-AC59-8C162F38A13B}.Release|Any CPU.ActiveCfg = Release|Any CPU
		{B888140B-808B-443E-AC59-8C162F38A13B}.Release|Any CPU.Build.0 = Release|Any CPU
	EndGlobalSection
	GlobalSection(SolutionProperties) = preSolution
		HideSolutionNode = FALSE
	EndGlobalSection
	GlobalSection(ExtensibilityGlobals) = postSolution
		SolutionGuid = {CF05DC8A-26FE-4327-B3FB-34B6EE11F846}
	EndGlobalSection
EndGlobal
